
Microsoft Visual Studio Solution File, Format Version 12.00
# Visual Studio Version 16
VisualStudioVersion = 16.0.31729.503
MinimumVisualStudioVersion = 10.0.40219.1
Project("{FAE04EC0-301F-11D3-BF4B-00C04F79EFBC}") = "AstroImage", "AstroImage\AstroImage.csproj", "{61A45250-D8A3-4D1B-B627-E86F1CD2A81C}"
EndProject
Project("{FAE04EC0-301F-11D3-BF4B-00C04F79EFBC}") = "AstroImage Target", "AstroImage Test\AstroImage Target.csproj", "{33DBB637-9194-4675-B449-09BF4E90FA58}"
EndProject
Global
	GlobalSection(SolutionConfigurationPlatforms) = preSolution
		Debug|Any CPU = Debug|Any CPU
		Release|Any CPU = Release|Any CPU
	EndGlobalSection
	GlobalSection(ProjectConfigurationPlatforms) = postSolution
		{61A45250-D8A3-4D1B-B627-E86F1CD2A81C}.Debug|Any CPU.ActiveCfg = Debug|Any CPU
		{61A45250-D8A3-4D1B-B627-E86F1CD2A81C}.Debug|Any CPU.Build.0 = Debug|Any CPU
		{61A45250-D8A3-4D1B-B627-E86F1CD2A81C}.Release|Any CPU.ActiveCfg = Release|Any CPU
		{61A45250-D8A3-4D1B-B627-E86F1CD2A81C}.Release|Any CPU.Build.0 = Release|Any CPU
		{33DBB637-9194-4675-B449-09BF4E90FA58}.Debug|Any CPU.ActiveCfg = Debug|Any CPU
		{33DBB637-9194-4675-B449-09BF4E90FA58}.Debug|Any CPU.Build.0 = Debug|Any CPU
		{33DBB637-9194-4675-B449-09BF4E90FA58}.Release|Any CPU.ActiveCfg = Release|Any CPU
		{33DBB637-9194-4675-B449-09BF4E90FA58}.Release|Any CPU.Build.0 = Release|Any CPU
	EndGlobalSection
	GlobalSection(SolutionProperties) = preSolution
		HideSolutionNode = FALSE
	EndGlobalSection
	GlobalSection(ExtensibilityGlobals) = postSolution
		SolutionGuid = {3A23C617-BAE3-493C-A8C5-B9546A0C44CC}
	EndGlobalSection
EndGlobal
